
Microsoft Visual Studio Solution File, Format Version 12.00
# Visual Studio 2012
Project("{FAE04EC0-301F-11D3-BF4B-00C04F79EFBC}") = "CSharpAPI", "CSharpClient\CSharpAPI.csproj", "{8EDE0744-96C2-40B0-A8DC-37DF79370203}"
EndProject
Project("{FAE04EC0-301F-11D3-BF4B-00C04F79EFBC}") = "IBSamples", "CSharpClient.IBSamples\IBSamples.csproj", "{F54B4AD1-305E-4089-A1A0-FB9EE5A84040}"
EndProject
Project("{FAE04EC0-301F-11D3-BF4B-00C04F79EFBC}") = "IBNet", "IBNet\IBNet.csproj", "{FD56AEAF-C610-4EBE-ACB5-A0E41C86149C}"
EndProject
Project("{FAE04EC0-301F-11D3-BF4B-00C04F79EFBC}") = "IBNet.TestApp", "IBNet.TestApp\IBNet.TestApp.csproj", "{6991EC5C-B18D-42BA-87B0-7A696F78AC77}"
EndProject
Global
	GlobalSection(SolutionConfigurationPlatforms) = preSolution
		Debug|Any CPU = Debug|Any CPU
		Debug|x86 = Debug|x86
		Release|Any CPU = Release|Any CPU
		Release|x86 = Release|x86
	EndGlobalSection
	GlobalSection(ProjectConfigurationPlatforms) = postSolution
		{8EDE0744-96C2-40B0-A8DC-37DF79370203}.Debug|Any CPU.ActiveCfg = Debug|Any CPU
		{8EDE0744-96C2-40B0-A8DC-37DF79370203}.Debug|Any CPU.Build.0 = Debug|Any CPU
		{8EDE0744-96C2-40B0-A8DC-37DF79370203}.Debug|x86.ActiveCfg = Debug|x86
		{8EDE0744-96C2-40B0-A8DC-37DF79370203}.Debug|x86.Build.0 = Debug|x86
		{8EDE0744-96C2-40B0-A8DC-37DF79370203}.Release|Any CPU.ActiveCfg = Release|Any CPU
		{8EDE0744-96C2-40B0-A8DC-37DF79370203}.Release|Any CPU.Build.0 = Release|Any CPU
		{8EDE0744-96C2-40B0-A8DC-37DF79370203}.Release|x86.ActiveCfg = Release|x86
		{8EDE0744-96C2-40B0-A8DC-37DF79370203}.Release|x86.Build.0 = Release|x86
		{F54B4AD1-305E-4089-A1A0-FB9EE5A84040}.Debug|Any CPU.ActiveCfg = Debug|Any CPU
		{F54B4AD1-305E-4089-A1A0-FB9EE5A84040}.Debug|Any CPU.Build.0 = Debug|Any CPU
		{F54B4AD1-305E-4089-A1A0-FB9EE5A84040}.Debug|x86.ActiveCfg = Debug|x86
		{F54B4AD1-305E-4089-A1A0-FB9EE5A84040}.Debug|x86.Build.0 = Debug|x86
		{F54B4AD1-305E-4089-A1A0-FB9EE5A84040}.Release|Any CPU.ActiveCfg = Release|Any CPU
		{F54B4AD1-305E-4089-A1A0-FB9EE5A84040}.Release|Any CPU.Build.0 = Release|Any CPU
		{F54B4AD1-305E-4089-A1A0-FB9EE5A84040}.Release|x86.ActiveCfg = Release|x86
		{F54B4AD1-305E-4089-A1A0-FB9EE5A84040}.Release|x86.Build.0 = Release|x86
		{FD56AEAF-C610-4EBE-ACB5-A0E41C86149C}.Debug|Any CPU.ActiveCfg = Debug|Any CPU
		{FD56AEAF-C610-4EBE-ACB5-A0E41C86149C}.Debug|Any CPU.Build.0 = Debug|Any CPU
		{FD56AEAF-C610-4EBE-ACB5-A0E41C86149C}.Debug|x86.ActiveCfg = Debug|x86
		{FD56AEAF-C610-4EBE-ACB5-A0E41C86149C}.Debug|x86.Build.0 = Debug|x86
		{FD56AEAF-C610-4EBE-ACB5-A0E41C86149C}.Release|Any CPU.ActiveCfg = Release|Any CPU
		{FD56AEAF-C610-4EBE-ACB5-A0E41C86149C}.Release|Any CPU.Build.0 = Release|Any CPU
		{FD56AEAF-C610-4EBE-ACB5-A0E41C86149C}.Release|x86.ActiveCfg = Release|x86
		{FD56AEAF-C610-4EBE-ACB5-A0E41C86149C}.Release|x86.Build.0 = Release|x86
		{6991EC5C-B18D-42BA-87B0-7A696F78AC77}.Debug|Any CPU.ActiveCfg = Debug|Any CPU
		{6991EC5C-B18D-42BA-87B0-7A696F78AC77}.Debug|Any CPU.Build.0 = Debug|Any CPU
		{6991EC5C-B18D-42BA-87B0-7A696F78AC77}.Debug|x86.ActiveCfg = Debug|Any CPU
		{6991EC5C-B18D-42BA-87B0-7A696F78AC77}.Release|Any CPU.ActiveCfg = Release|Any CPU
		{6991EC5C-B18D-42BA-87B0-7A696F78AC77}.Release|Any CPU.Build.0 = Release|Any CPU
		{6991EC5C-B18D-42BA-87B0-7A696F78AC77}.Release|x86.ActiveCfg = Release|Any CPU
	EndGlobalSection
	GlobalSection(SolutionProperties) = preSolution
		HideSolutionNode = FALSE
	EndGlobalSection
EndGlobal
